
Microsoft Visual Studio Solution File, Format Version 12.00
# Visual Studio 15
VisualStudioVersion = 15.0.28010.2003
MinimumVisualStudioVersion = 10.0.40219.1
Project("{9A19103F-16F7-4668-BE54-9A1E7A4F7556}") = "API.Microservice.Authentication", "API.Microservice.Authentication\API.Microservice.Authentication.csproj", "{4F466A65-5CF7-453D-AAEE-0D7C5080855D}"
EndProject
Project("{9A19103F-16F7-4668-BE54-9A1E7A4F7556}") = "API.Core.Entities", "API.Core.Entities\API.Core.Entities.csproj", "{7A1637D9-877D-4AA6-A6E2-C6DEE1C66BC1}"
EndProject
Project("{9A19103F-16F7-4668-BE54-9A1E7A4F7556}") = "API.Microservice.Account", "API.Microservice.Account\API.Microservice.Account.csproj", "{E7C5BF76-7A5A-4F12-8EC1-F41B84B05016}"
EndProject
Project("{9A19103F-16F7-4668-BE54-9A1E7A4F7556}") = "API.Microservice.Image", "API.Microservice.Image\API.Microservice.Image.csproj", "{55B11748-78EF-4EAF-B104-BDACCE0BDF64}"
EndProject
Project("{9A19103F-16F7-4668-BE54-9A1E7A4F7556}") = "API.Core.Startup", "API.Core.Startup\API.Core.Startup.csproj", "{94D651D3-3C49-4F46-8A66-86A9CCE9F7B2}"
EndProject
Project("{2150E333-8FDC-42A3-9474-1A3956D46DE8}") = "API.Microservice.Account", "API.Microservice.Account", "{321F5A8F-6F19-4404-9D9F-CC4794E5A2C8}"
EndProject
Project("{2150E333-8FDC-42A3-9474-1A3956D46DE8}") = "API.Microservice.Authentication", "API.Microservice.Authentication", "{02CA5BC4-A2A9-4565-AAB4-E9595082EA89}"
EndProject
Project("{2150E333-8FDC-42A3-9474-1A3956D46DE8}") = "API.Microservice.Image", "API.Microservice.Image", "{DC2A5237-6AC3-4AF5-85C8-467B63402B59}"
EndProject
Project("{2150E333-8FDC-42A3-9474-1A3956D46DE8}") = "API.Core", "API.Core", "{3C99D5A5-3187-462E-8977-EDB827A30AF3}"
EndProject
Project("{9A19103F-16F7-4668-BE54-9A1E7A4F7556}") = "API.Microservice.Store", "API.Microservice.Store\API.Microservice.Store.csproj", "{9DFBFC8C-9F7A-4FFE-9ACC-B643B5002D84}"
EndProject
Project("{9A19103F-16F7-4668-BE54-9A1E7A4F7556}") = "API.Microservice.Account.Models", "API.Microservice.Account.Models\API.Microservice.Account.Models.csproj", "{B83D0A9E-E811-4A9D-84A6-018AC5FD2F7E}"
EndProject
Project("{9A19103F-16F7-4668-BE54-9A1E7A4F7556}") = "API.Microservice.Account.Repositories", "API.Microservice.Account.Repositories\API.Microservice.Account.Repositories.csproj", "{BE5E371E-B017-4BBB-9F55-6EE11EC704E0}"
EndProject
Project("{9A19103F-16F7-4668-BE54-9A1E7A4F7556}") = "API.Microservice.Account.Repository.Interfaces", "API.Microservice.Account.Repository.Interfaces\API.Microservice.Account.Repository.Interfaces.csproj", "{39DC5B8B-88B2-4BFC-A0D0-A5E1F0BDD379}"
EndProject
Project("{9A19103F-16F7-4668-BE54-9A1E7A4F7556}") = "API.Core.Infrastructure", "API.Core.Infrastructure\API.Core.Infrastructure.csproj", "{D7800175-1A0D-4C73-A603-34CE5217A237}"
EndProject
Project("{9A19103F-16F7-4668-BE54-9A1E7A4F7556}") = "API.Microservice.Authentication.Models", "API.Microservice.Authentication.Models\API.Microservice.Authentication.Models.csproj", "{826F746A-973A-4643-8636-1117D628C412}"
EndProject
Project("{9A19103F-16F7-4668-BE54-9A1E7A4F7556}") = "API.Microservice.Authentication.Repositories", "API.Microservice.Authentication.Repositories\API.Microservice.Authentication.Repositories.csproj", "{3D0CB330-8FA3-4A7C-95E7-88BDD0E3FCD1}"
EndProject
Project("{9A19103F-16F7-4668-BE54-9A1E7A4F7556}") = "API.Microservice.Authentication.Repository.Interfaces", "API.Microservice.Authentication.Repository.Interfaces\API.Microservice.Authentication.Repository.Interfaces.csproj", "{26DFEA8E-D2CC-4BEF-976F-16C733780CB1}"
EndProject
Project("{9A19103F-16F7-4668-BE54-9A1E7A4F7556}") = "API.Core.Repositories", "API.Core.Repositories\API.Core.Repositories.csproj", "{3BCA75D7-2D56-488A-A660-D32BB6381DDA}"
EndProject
Project("{9A19103F-16F7-4668-BE54-9A1E7A4F7556}") = "API.Core.Repository.Interfaces", "API.Core.Repository.Interfaces\API.Core.Repository.Interfaces.csproj", "{66A3178E-A85E-4BE5-9262-6188D0DFBF99}"
EndProject
Project("{9A19103F-16F7-4668-BE54-9A1E7A4F7556}") = "API.Core.Logging", "API.Core.Logging\API.Core.Logging.csproj", "{EE694446-586D-42F8-BF33-D79FA519E8F3}"
EndProject
Project("{9A19103F-16F7-4668-BE54-9A1E7A4F7556}") = "API.Microservice.Notification", "API.Microservice.Notification\API.Microservice.Notification.csproj", "{B72396C2-4324-45C2-8D85-4CC43A187EFB}"
EndProject
Project("{2150E333-8FDC-42A3-9474-1A3956D46DE8}") = "Api.Microservice.Notification", "Api.Microservice.Notification", "{9F201056-4228-4401-A8BC-CF0397D11CAA}"
EndProject
Project("{2150E333-8FDC-42A3-9474-1A3956D46DE8}") = "API.Microservice.Store", "API.Microservice.Store", "{D297371F-9010-4389-9BF1-3E966DAE4B64}"
EndProject
Project("{9A19103F-16F7-4668-BE54-9A1E7A4F7556}") = "API.Microservice.Notification.SignalR", "API.Microservice.Notification.SignalR\API.Microservice.Notification.SignalR.csproj", "{A785FFD2-AAF7-4659-87DC-758F4490E650}"
EndProject
Project("{9A19103F-16F7-4668-BE54-9A1E7A4F7556}") = "API.Microservice.Notification.Models", "API.Microservice.Notification.Models\API.Microservice.Notification.Models.csproj", "{087E5DEF-DFB9-4DB8-AA2A-45491793E498}"
EndProject
Project("{2150E333-8FDC-42A3-9474-1A3956D46DE8}") = "API.EventBus", "API.EventBus", "{0D87ECA2-C66E-4406-9517-AFA5DD80CB40}"
EndProject
Project("{9A19103F-16F7-4668-BE54-9A1E7A4F7556}") = "API.EventBus.Pusher", "..\API.EventBus\API.EventBus.Pusher\API.EventBus.Pusher.csproj", "{B112478E-3140-42D6-AEA1-8F186CE31F40}"
EndProject
Project("{9A19103F-16F7-4668-BE54-9A1E7A4F7556}") = "API.EventBus.Entities", "..\API.EventBus\API.EventBus.Entities\API.EventBus.Entities.csproj", "{F524E434-DCB9-4920-A9CD-14A91ABBBF7D}"
EndProject
Project("{9A19103F-16F7-4668-BE54-9A1E7A4F7556}") = "API.EventBus.Consumer", "..\API.EventBus\API.EventBus.Consumer\API.EventBus.Consumer.csproj", "{DC3FD924-53CD-4D4A-B53B-B161863121F0}"
EndProject
Project("{9A19103F-16F7-4668-BE54-9A1E7A4F7556}") = "API.Microservice.Store.Models", "API.Microservice.Store.Models\API.Microservice.Store.Models.csproj", "{A88120A7-243B-4E02-8A84-3EBD67A293C4}"
EndProject
Project("{9A19103F-16F7-4668-BE54-9A1E7A4F7556}") = "API.Microservice.Store.Repositories", "API.Microservice.Store.Repositories\API.Microservice.Store.Repositories.csproj", "{BC65D2F8-B6C8-400E-B4F0-D51AE59414A5}"
EndProject
Project("{9A19103F-16F7-4668-BE54-9A1E7A4F7556}") = "API.Microservice.Store.Repository.Interfaces", "API.Microservice.Store.Repository.Interfaces\API.Microservice.Store.Repository.Interfaces.csproj", "{239EAB26-1468-4AE0-A3AE-B1273FC84B3D}"
EndProject
Project("{9A19103F-16F7-4668-BE54-9A1E7A4F7556}") = "API.Microservice.Image.Models", "API.Microservice.Image.Models\API.Microservice.Image.Models.csproj", "{94F2A2B6-9F2C-4862-91A0-E44FEDFC7F8E}"
EndProject
Project("{9A19103F-16F7-4668-BE54-9A1E7A4F7556}") = "API.Microservice.Image.Repositories", "API.Microservice.Image.Repositories\API.Microservice.Image.Repositories.csproj", "{CFD63C06-5DAC-4C10-9BCE-B5B0672B37D4}"
EndProject
Project("{9A19103F-16F7-4668-BE54-9A1E7A4F7556}") = "API.Microservice.Image.Repository.Interfaces", "API.Microservice.Image.Repository.Interfaces\API.Microservice.Image.Repository.Interfaces.csproj", "{FEFCD59C-56C9-40E2-9CAB-95915DBF00A9}"
EndProject
Project("{FAE04EC0-301F-11D3-BF4B-00C04F79EFBC}") = "API.Core.Common", "API.Core.Common\API.Core.Common.csproj", "{3EC6C1B3-7736-4C7C-ADEB-BEC9EB77471C}"
EndProject
Global
	GlobalSection(SolutionConfigurationPlatforms) = preSolution
		Debug|Any CPU = Debug|Any CPU
		Release|Any CPU = Release|Any CPU
	EndGlobalSection
	GlobalSection(ProjectConfigurationPlatforms) = postSolution
		{4F466A65-5CF7-453D-AAEE-0D7C5080855D}.Debug|Any CPU.ActiveCfg = Debug|Any CPU
		{4F466A65-5CF7-453D-AAEE-0D7C5080855D}.Debug|Any CPU.Build.0 = Debug|Any CPU
		{4F466A65-5CF7-453D-AAEE-0D7C5080855D}.Release|Any CPU.ActiveCfg = Release|Any CPU
		{4F466A65-5CF7-453D-AAEE-0D7C5080855D}.Release|Any CPU.Build.0 = Release|Any CPU
		{7A1637D9-877D-4AA6-A6E2-C6DEE1C66BC1}.Debug|Any CPU.ActiveCfg = Debug|Any CPU
		{7A1637D9-877D-4AA6-A6E2-C6DEE1C66BC1}.Debug|Any CPU.Build.0 = Debug|Any CPU
		{7A1637D9-877D-4AA6-A6E2-C6DEE1C66BC1}.Release|Any CPU.ActiveCfg = Release|Any CPU
		{7A1637D9-877D-4AA6-A6E2-C6DEE1C66BC1}.Release|Any CPU.Build.0 = Release|Any CPU
		{E7C5BF76-7A5A-4F12-8EC1-F41B84B05016}.Debug|Any CPU.ActiveCfg = Debug|Any CPU
		{E7C5BF76-7A5A-4F12-8EC1-F41B84B05016}.Debug|Any CPU.Build.0 = Debug|Any CPU
		{E7C5BF76-7A5A-4F12-8EC1-F41B84B05016}.Release|Any CPU.ActiveCfg = Release|Any CPU
		{E7C5BF76-7A5A-4F12-8EC1-F41B84B05016}.Release|Any CPU.Build.0 = Release|Any CPU
		{55B11748-78EF-4EAF-B104-BDACCE0BDF64}.Debug|Any CPU.ActiveCfg = Debug|Any CPU
		{55B11748-78EF-4EAF-B104-BDACCE0BDF64}.Debug|Any CPU.Build.0 = Debug|Any CPU
		{55B11748-78EF-4EAF-B104-BDACCE0BDF64}.Release|Any CPU.ActiveCfg = Release|Any CPU
		{55B11748-78EF-4EAF-B104-BDACCE0BDF64}.Release|Any CPU.Build.0 = Release|Any CPU
		{94D651D3-3C49-4F46-8A66-86A9CCE9F7B2}.Debug|Any CPU.ActiveCfg = Debug|Any CPU
		{94D651D3-3C49-4F46-8A66-86A9CCE9F7B2}.Debug|Any CPU.Build.0 = Debug|Any CPU
		{94D651D3-3C49-4F46-8A66-86A9CCE9F7B2}.Release|Any CPU.ActiveCfg = Release|Any CPU
		{94D651D3-3C49-4F46-8A66-86A9CCE9F7B2}.Release|Any CPU.Build.0 = Release|Any CPU
		{9DFBFC8C-9F7A-4FFE-9ACC-B643B5002D84}.Debug|Any CPU.ActiveCfg = Debug|Any CPU
		{9DFBFC8C-9F7A-4FFE-9ACC-B643B5002D84}.Debug|Any CPU.Build.0 = Debug|Any CPU
		{9DFBFC8C-9F7A-4FFE-9ACC-B643B5002D84}.Release|Any CPU.ActiveCfg = Release|Any CPU
		{9DFBFC8C-9F7A-4FFE-9ACC-B643B5002D84}.Release|Any CPU.Build.0 = Release|Any CPU
		{B83D0A9E-E811-4A9D-84A6-018AC5FD2F7E}.Debug|Any CPU.ActiveCfg = Debug|Any CPU
		{B83D0A9E-E811-4A9D-84A6-018AC5FD2F7E}.Debug|Any CPU.Build.0 = Debug|Any CPU
		{B83D0A9E-E811-4A9D-84A6-018AC5FD2F7E}.Release|Any CPU.ActiveCfg = Release|Any CPU
		{B83D0A9E-E811-4A9D-84A6-018AC5FD2F7E}.Release|Any CPU.Build.0 = Release|Any CPU
		{BE5E371E-B017-4BBB-9F55-6EE11EC704E0}.Debug|Any CPU.ActiveCfg = Debug|Any CPU
		{BE5E371E-B017-4BBB-9F55-6EE11EC704E0}.Debug|Any CPU.Build.0 = Debug|Any CPU
		{BE5E371E-B017-4BBB-9F55-6EE11EC704E0}.Release|Any CPU.ActiveCfg = Release|Any CPU
		{BE5E371E-B017-4BBB-9F55-6EE11EC704E0}.Release|Any CPU.Build.0 = Release|Any CPU
		{39DC5B8B-88B2-4BFC-A0D0-A5E1F0BDD379}.Debug|Any CPU.ActiveCfg = Debug|Any CPU
		{39DC5B8B-88B2-4BFC-A0D0-A5E1F0BDD379}.Debug|Any CPU.Build.0 = Debug|Any CPU
		{39DC5B8B-88B2-4BFC-A0D0-A5E1F0BDD379}.Release|Any CPU.ActiveCfg = Release|Any CPU
		{39DC5B8B-88B2-4BFC-A0D0-A5E1F0BDD379}.Release|Any CPU.Build.0 = Release|Any CPU
		{D7800175-1A0D-4C73-A603-34CE5217A237}.Debug|Any CPU.ActiveCfg = Debug|Any CPU
		{D7800175-1A0D-4C73-A603-34CE5217A237}.Debug|Any CPU.Build.0 = Debug|Any CPU
		{D7800175-1A0D-4C73-A603-34CE5217A237}.Release|Any CPU.ActiveCfg = Release|Any CPU
		{D7800175-1A0D-4C73-A603-34CE5217A237}.Release|Any CPU.Build.0 = Release|Any CPU
		{826F746A-973A-4643-8636-1117D628C412}.Debug|Any CPU.ActiveCfg = Debug|Any CPU
		{826F746A-973A-4643-8636-1117D628C412}.Debug|Any CPU.Build.0 = Debug|Any CPU
		{826F746A-973A-4643-8636-1117D628C412}.Release|Any CPU.ActiveCfg = Release|Any CPU
		{826F746A-973A-4643-8636-1117D628C412}.Release|Any CPU.Build.0 = Release|Any CPU
		{3D0CB330-8FA3-4A7C-95E7-88BDD0E3FCD1}.Debug|Any CPU.ActiveCfg = Debug|Any CPU
		{3D0CB330-8FA3-4A7C-95E7-88BDD0E3FCD1}.Debug|Any CPU.Build.0 = Debug|Any CPU
		{3D0CB330-8FA3-4A7C-95E7-88BDD0E3FCD1}.Release|Any CPU.ActiveCfg = Release|Any CPU
		{3D0CB330-8FA3-4A7C-95E7-88BDD0E3FCD1}.Release|Any CPU.Build.0 = Release|Any CPU
		{26DFEA8E-D2CC-4BEF-976F-16C733780CB1}.Debug|Any CPU.ActiveCfg = Debug|Any CPU
		{26DFEA8E-D2CC-4BEF-976F-16C733780CB1}.Debug|Any CPU.Build.0 = Debug|Any CPU
		{26DFEA8E-D2CC-4BEF-976F-16C733780CB1}.Release|Any CPU.ActiveCfg = Release|Any CPU
		{26DFEA8E-D2CC-4BEF-976F-16C733780CB1}.Release|Any CPU.Build.0 = Release|Any CPU
		{3BCA75D7-2D56-488A-A660-D32BB6381DDA}.Debug|Any CPU.ActiveCfg = Debug|Any CPU
		{3BCA75D7-2D56-488A-A660-D32BB6381DDA}.Debug|Any CPU.Build.0 = Debug|Any CPU
		{3BCA75D7-2D56-488A-A660-D32BB6381DDA}.Release|Any CPU.ActiveCfg = Release|Any CPU
		{3BCA75D7-2D56-488A-A660-D32BB6381DDA}.Release|Any CPU.Build.0 = Release|Any CPU
		{66A3178E-A85E-4BE5-9262-6188D0DFBF99}.Debug|Any CPU.ActiveCfg = Debug|Any CPU
		{66A3178E-A85E-4BE5-9262-6188D0DFBF99}.Debug|Any CPU.Build.0 = Debug|Any CPU
		{66A3178E-A85E-4BE5-9262-6188D0DFBF99}.Release|Any CPU.ActiveCfg = Release|Any CPU
		{66A3178E-A85E-4BE5-9262-6188D0DFBF99}.Release|Any CPU.Build.0 = Release|Any CPU
		{EE694446-586D-42F8-BF33-D79FA519E8F3}.Debug|Any CPU.ActiveCfg = Debug|Any CPU
		{EE694446-586D-42F8-BF33-D79FA519E8F3}.Debug|Any CPU.Build.0 = Debug|Any CPU
		{EE694446-586D-42F8-BF33-D79FA519E8F3}.Release|Any CPU.ActiveCfg = Release|Any CPU
		{EE694446-586D-42F8-BF33-D79FA519E8F3}.Release|Any CPU.Build.0 = Release|Any CPU
		{B72396C2-4324-45C2-8D85-4CC43A187EFB}.Debug|Any CPU.ActiveCfg = Debug|Any CPU
		{B72396C2-4324-45C2-8D85-4CC43A187EFB}.Debug|Any CPU.Build.0 = Debug|Any CPU
		{B72396C2-4324-45C2-8D85-4CC43A187EFB}.Release|Any CPU.ActiveCfg = Release|Any CPU
		{B72396C2-4324-45C2-8D85-4CC43A187EFB}.Release|Any CPU.Build.0 = Release|Any CPU
		{A785FFD2-AAF7-4659-87DC-758F4490E650}.Debug|Any CPU.ActiveCfg = Debug|Any CPU
		{A785FFD2-AAF7-4659-87DC-758F4490E650}.Debug|Any CPU.Build.0 = Debug|Any CPU
		{A785FFD2-AAF7-4659-87DC-758F4490E650}.Release|Any CPU.ActiveCfg = Release|Any CPU
		{A785FFD2-AAF7-4659-87DC-758F4490E650}.Release|Any CPU.Build.0 = Release|Any CPU
		{087E5DEF-DFB9-4DB8-AA2A-45491793E498}.Debug|Any CPU.ActiveCfg = Debug|Any CPU
		{087E5DEF-DFB9-4DB8-AA2A-45491793E498}.Debug|Any CPU.Build.0 = Debug|Any CPU
		{087E5DEF-DFB9-4DB8-AA2A-45491793E498}.Release|Any CPU.ActiveCfg = Release|Any CPU
		{087E5DEF-DFB9-4DB8-AA2A-45491793E498}.Release|Any CPU.Build.0 = Release|Any CPU
		{B112478E-3140-42D6-AEA1-8F186CE31F40}.Debug|Any CPU.ActiveCfg = Debug|Any CPU
		{B112478E-3140-42D6-AEA1-8F186CE31F40}.Debug|Any CPU.Build.0 = Debug|Any CPU
		{B112478E-3140-42D6-AEA1-8F186CE31F40}.Release|Any CPU.ActiveCfg = Release|Any CPU
		{B112478E-3140-42D6-AEA1-8F186CE31F40}.Release|Any CPU.Build.0 = Release|Any CPU
		{F524E434-DCB9-4920-A9CD-14A91ABBBF7D}.Debug|Any CPU.ActiveCfg = Debug|Any CPU
		{F524E434-DCB9-4920-A9CD-14A91ABBBF7D}.Debug|Any CPU.Build.0 = Debug|Any CPU
		{F524E434-DCB9-4920-A9CD-14A91ABBBF7D}.Release|Any CPU.ActiveCfg = Release|Any CPU
		{F524E434-DCB9-4920-A9CD-14A91ABBBF7D}.Release|Any CPU.Build.0 = Release|Any CPU
		{DC3FD924-53CD-4D4A-B53B-B161863121F0}.Debug|Any CPU.ActiveCfg = Debug|Any CPU
		{DC3FD924-53CD-4D4A-B53B-B161863121F0}.Debug|Any CPU.Build.0 = Debug|Any CPU
		{DC3FD924-53CD-4D4A-B53B-B161863121F0}.Release|Any CPU.ActiveCfg = Release|Any CPU
		{DC3FD924-53CD-4D4A-B53B-B161863121F0}.Release|Any CPU.Build.0 = Release|Any CPU
		{A88120A7-243B-4E02-8A84-3EBD67A293C4}.Debug|Any CPU.ActiveCfg = Debug|Any CPU
		{A88120A7-243B-4E02-8A84-3EBD67A293C4}.Debug|Any CPU.Build.0 = Debug|Any CPU
		{A88120A7-243B-4E02-8A84-3EBD67A293C4}.Release|Any CPU.ActiveCfg = Release|Any CPU
		{A88120A7-243B-4E02-8A84-3EBD67A293C4}.Release|Any CPU.Build.0 = Release|Any CPU
		{BC65D2F8-B6C8-400E-B4F0-D51AE59414A5}.Debug|Any CPU.ActiveCfg = Debug|Any CPU
		{BC65D2F8-B6C8-400E-B4F0-D51AE59414A5}.Debug|Any CPU.Build.0 = Debug|Any CPU
		{BC65D2F8-B6C8-400E-B4F0-D51AE59414A5}.Release|Any CPU.ActiveCfg = Release|Any CPU
		{BC65D2F8-B6C8-400E-B4F0-D51AE59414A5}.Release|Any CPU.Build.0 = Release|Any CPU
		{239EAB26-1468-4AE0-A3AE-B1273FC84B3D}.Debug|Any CPU.ActiveCfg = Debug|Any CPU
		{239EAB26-1468-4AE0-A3AE-B1273FC84B3D}.Debug|Any CPU.Build.0 = Debug|Any CPU
		{239EAB26-1468-4AE0-A3AE-B1273FC84B3D}.Release|Any CPU.ActiveCfg = Release|Any CPU
		{239EAB26-1468-4AE0-A3AE-B1273FC84B3D}.Release|Any CPU.Build.0 = Release|Any CPU
		{94F2A2B6-9F2C-4862-91A0-E44FEDFC7F8E}.Debug|Any CPU.ActiveCfg = Debug|Any CPU
		{94F2A2B6-9F2C-4862-91A0-E44FEDFC7F8E}.Debug|Any CPU.Build.0 = Debug|Any CPU
		{94F2A2B6-9F2C-4862-91A0-E44FEDFC7F8E}.Release|Any CPU.ActiveCfg = Release|Any CPU
		{94F2A2B6-9F2C-4862-91A0-E44FEDFC7F8E}.Release|Any CPU.Build.0 = Release|Any CPU
		{CFD63C06-5DAC-4C10-9BCE-B5B0672B37D4}.Debug|Any CPU.ActiveCfg = Debug|Any CPU
		{CFD63C06-5DAC-4C10-9BCE-B5B0672B37D4}.Debug|Any CPU.Build.0 = Debug|Any CPU
		{CFD63C06-5DAC-4C10-9BCE-B5B0672B37D4}.Release|Any CPU.ActiveCfg = Release|Any CPU
		{CFD63C06-5DAC-4C10-9BCE-B5B0672B37D4}.Release|Any CPU.Build.0 = Release|Any CPU
		{FEFCD59C-56C9-40E2-9CAB-95915DBF00A9}.Debug|Any CPU.ActiveCfg = Debug|Any CPU
		{FEFCD59C-56C9-40E2-9CAB-95915DBF00A9}.Debug|Any CPU.Build.0 = Debug|Any CPU
		{FEFCD59C-56C9-40E2-9CAB-95915DBF00A9}.Release|Any CPU.ActiveCfg = Release|Any CPU
		{FEFCD59C-56C9-40E2-9CAB-95915DBF00A9}.Release|Any CPU.Build.0 = Release|Any CPU
		{3EC6C1B3-7736-4C7C-ADEB-BEC9EB77471C}.Debug|Any CPU.ActiveCfg = Debug|Any CPU
		{3EC6C1B3-7736-4C7C-ADEB-BEC9EB77471C}.Debug|Any CPU.Build.0 = Debug|Any CPU
		{3EC6C1B3-7736-4C7C-ADEB-BEC9EB77471C}.Release|Any CPU.ActiveCfg = Release|Any CPU
		{3EC6C1B3-7736-4C7C-ADEB-BEC9EB77471C}.Release|Any CPU.Build.0 = Release|Any CPU
	EndGlobalSection
	GlobalSection(SolutionProperties) = preSolution
		HideSolutionNode = FALSE
	EndGlobalSection
	GlobalSection(NestedProjects) = preSolution
		{4F466A65-5CF7-453D-AAEE-0D7C5080855D} = {02CA5BC4-A2A9-4565-AAB4-E9595082EA89}
		{7A1637D9-877D-4AA6-A6E2-C6DEE1C66BC1} = {3C99D5A5-3187-462E-8977-EDB827A30AF3}
		{E7C5BF76-7A5A-4F12-8EC1-F41B84B05016} = {321F5A8F-6F19-4404-9D9F-CC4794E5A2C8}
		{55B11748-78EF-4EAF-B104-BDACCE0BDF64} = {DC2A5237-6AC3-4AF5-85C8-467B63402B59}
		{94D651D3-3C49-4F46-8A66-86A9CCE9F7B2} = {3C99D5A5-3187-462E-8977-EDB827A30AF3}
		{9DFBFC8C-9F7A-4FFE-9ACC-B643B5002D84} = {D297371F-9010-4389-9BF1-3E966DAE4B64}
		{B83D0A9E-E811-4A9D-84A6-018AC5FD2F7E} = {321F5A8F-6F19-4404-9D9F-CC4794E5A2C8}
		{BE5E371E-B017-4BBB-9F55-6EE11EC704E0} = {321F5A8F-6F19-4404-9D9F-CC4794E5A2C8}
		{39DC5B8B-88B2-4BFC-A0D0-A5E1F0BDD379} = {321F5A8F-6F19-4404-9D9F-CC4794E5A2C8}
		{D7800175-1A0D-4C73-A603-34CE5217A237} = {3C99D5A5-3187-462E-8977-EDB827A30AF3}
		{826F746A-973A-4643-8636-1117D628C412} = {02CA5BC4-A2A9-4565-AAB4-E9595082EA89}
		{3D0CB330-8FA3-4A7C-95E7-88BDD0E3FCD1} = {02CA5BC4-A2A9-4565-AAB4-E9595082EA89}
		{26DFEA8E-D2CC-4BEF-976F-16C733780CB1} = {02CA5BC4-A2A9-4565-AAB4-E9595082EA89}
		{3BCA75D7-2D56-488A-A660-D32BB6381DDA} = {3C99D5A5-3187-462E-8977-EDB827A30AF3}
		{66A3178E-A85E-4BE5-9262-6188D0DFBF99} = {3C99D5A5-3187-462E-8977-EDB827A30AF3}
		{EE694446-586D-42F8-BF33-D79FA519E8F3} = {3C99D5A5-3187-462E-8977-EDB827A30AF3}
		{B72396C2-4324-45C2-8D85-4CC43A187EFB} = {9F201056-4228-4401-A8BC-CF0397D11CAA}
		{A785FFD2-AAF7-4659-87DC-758F4490E650} = {9F201056-4228-4401-A8BC-CF0397D11CAA}
		{087E5DEF-DFB9-4DB8-AA2A-45491793E498} = {9F201056-4228-4401-A8BC-CF0397D11CAA}
		{B112478E-3140-42D6-AEA1-8F186CE31F40} = {0D87ECA2-C66E-4406-9517-AFA5DD80CB40}
		{F524E434-DCB9-4920-A9CD-14A91ABBBF7D} = {0D87ECA2-C66E-4406-9517-AFA5DD80CB40}
		{DC3FD924-53CD-4D4A-B53B-B161863121F0} = {0D87ECA2-C66E-4406-9517-AFA5DD80CB40}
		{A88120A7-243B-4E02-8A84-3EBD67A293C4} = {D297371F-9010-4389-9BF1-3E966DAE4B64}
		{BC65D2F8-B6C8-400E-B4F0-D51AE59414A5} = {D297371F-9010-4389-9BF1-3E966DAE4B64}
		{239EAB26-1468-4AE0-A3AE-B1273FC84B3D} = {D297371F-9010-4389-9BF1-3E966DAE4B64}
		{94F2A2B6-9F2C-4862-91A0-E44FEDFC7F8E} = {DC2A5237-6AC3-4AF5-85C8-467B63402B59}
		{CFD63C06-5DAC-4C10-9BCE-B5B0672B37D4} = {DC2A5237-6AC3-4AF5-85C8-467B63402B59}
		{FEFCD59C-56C9-40E2-9CAB-95915DBF00A9} = {DC2A5237-6AC3-4AF5-85C8-467B63402B59}
		{3EC6C1B3-7736-4C7C-ADEB-BEC9EB77471C} = {3C99D5A5-3187-462E-8977-EDB827A30AF3}
	EndGlobalSection
	GlobalSection(ExtensibilityGlobals) = postSolution
		SolutionGuid = {7E50E422-7477-4B28-8236-D74A80FF72B8}
	EndGlobalSection
EndGlobal
